// !$*UTF8*$!
{
	archiveVersion = 1;
	classes = {
	};
	objectVersion = 46;
	objects = {

/* Begin PBXBuildFile section */
		89193768201CCE9500CDEFA9 /* AppDelegate.swift in Sources */ = {isa = PBXBuildFile; fileRef = 89193767201CCE9500CDEFA9 /* AppDelegate.swift */; };
		8919376A201CCE9500CDEFA9 /* ViewController.swift in Sources */ = {isa = PBXBuildFile; fileRef = 89193769201CCE9500CDEFA9 /* ViewController.swift */; };
		8919376D201CCE9500CDEFA9 /* Main.storyboard in Resources */ = {isa = PBXBuildFile; fileRef = 8919376B201CCE9500CDEFA9 /* Main.storyboard */; };
		8919376F201CCE9500CDEFA9 /* Assets.xcassets in Resources */ = {isa = PBXBuildFile; fileRef = 8919376E201CCE9500CDEFA9 /* Assets.xcassets */; };
		89193772201CCE9500CDEFA9 /* LaunchScreen.storyboard in Resources */ = {isa = PBXBuildFile; fileRef = 89193770201CCE9500CDEFA9 /* LaunchScreen.storyboard */; };
		898F6A11201F6E0B00EBBDC1 /* FacebookLoginViewController.swift in Sources */ = {isa = PBXBuildFile; fileRef = 898F6A10201F6E0B00EBBDC1 /* FacebookLoginViewController.swift */; };
		899A2470201CF8E600C27811 /* FirstViewController.swift in Sources */ = {isa = PBXBuildFile; fileRef = 899A246F201CF8E600C27811 /* FirstViewController.swift */; };
		899A2472201D053000C27811 /* TouchIDViewController.swift in Sources */ = {isa = PBXBuildFile; fileRef = 899A2471201D053000C27811 /* TouchIDViewController.swift */; };
		899A2474201D0F0D00C27811 /* CameraViewController.swift in Sources */ = {isa = PBXBuildFile; fileRef = 899A2473201D0F0D00C27811 /* CameraViewController.swift */; };
		AE183D0BF986871ED101ACC6 /* Pods_Final.framework in Frameworks */ = {isa = PBXBuildFile; fileRef = 99EAB9DA769E34BAC66DC37F /* Pods_Final.framework */; };
/* End PBXBuildFile section */

/* Begin PBXFileReference section */
		1C74D68CBBD0C42D70A1620F /* Pods-Final.release.xcconfig */ = {isa = PBXFileReference; includeInIndex = 1; lastKnownFileType = text.xcconfig; name = "Pods-Final.release.xcconfig"; path = "Pods/Target Support Files/Pods-Final/Pods-Final.release.xcconfig"; sourceTree = "<group>"; };
		89193764201CCE9500CDEFA9 /* Final.app */ = {isa = PBXFileReference; explicitFileType = wrapper.application; includeInIndex = 0; path = Final.app; sourceTree = BUILT_PRODUCTS_DIR; };
		89193767201CCE9500CDEFA9 /* AppDelegate.swift */ = {isa = PBXFileReference; lastKnownFileType = sourcecode.swift; path = AppDelegate.swift; sourceTree = "<group>"; };
		89193769201CCE9500CDEFA9 /* ViewController.swift */ = {isa = PBXFileReference; lastKnownFileType = sourcecode.swift; path = ViewController.swift; sourceTree = "<group>"; };
		8919376C201CCE9500CDEFA9 /* Base */ = {isa = PBXFileReference; lastKnownFileType = file.storyboard; name = Base; path = Base.lproj/Main.storyboard; sourceTree = "<group>"; };
		8919376E201CCE9500CDEFA9 /* Assets.xcassets */ = {isa = PBXFileReference; lastKnownFileType = folder.assetcatalog; path = Assets.xcassets; sourceTree = "<group>"; };
		89193771201CCE9500CDEFA9 /* Base */ = {isa = PBXFileReference; lastKnownFileType = file.storyboard; name = Base; path = Base.lproj/LaunchScreen.storyboard; sourceTree = "<group>"; };
		89193773201CCE9500CDEFA9 /* Info.plist */ = {isa = PBXFileReference; lastKnownFileType = text.plist.xml; path = Info.plist; sourceTree = "<group>"; };
		898F6A10201F6E0B00EBBDC1 /* FacebookLoginViewController.swift */ = {isa = PBXFileReference; fileEncoding = 4; lastKnownFileType = sourcecode.swift; path = FacebookLoginViewController.swift; sourceTree = "<group>"; };
		899A246F201CF8E600C27811 /* FirstViewController.swift */ = {isa = PBXFileReference; fileEncoding = 4; lastKnownFileType = sourcecode.swift; path = FirstViewController.swift; sourceTree = "<group>"; };
		899A2471201D053000C27811 /* TouchIDViewController.swift */ = {isa = PBXFileReference; fileEncoding = 4; lastKnownFileType = sourcecode.swift; path = TouchIDViewController.swift; sourceTree = "<group>"; };
		899A2473201D0F0D00C27811 /* CameraViewController.swift */ = {isa = PBXFileReference; fileEncoding = 4; lastKnownFileType = sourcecode.swift; path = CameraViewController.swift; sourceTree = "<group>"; };
		89ED0DFF201D8F02008D831A /* es-MX */ = {isa = PBXFileReference; lastKnownFileType = text.plist.strings; name = "es-MX"; path = "es-MX.lproj/Main.strings"; sourceTree = "<group>"; };
		89ED0E00201D8F03008D831A /* es-MX */ = {isa = PBXFileReference; lastKnownFileType = text.plist.strings; name = "es-MX"; path = "es-MX.lproj/LaunchScreen.strings"; sourceTree = "<group>"; };
		99EAB9DA769E34BAC66DC37F /* Pods_Final.framework */ = {isa = PBXFileReference; explicitFileType = wrapper.framework; includeInIndex = 0; path = Pods_Final.framework; sourceTree = BUILT_PRODUCTS_DIR; };
		BDA863E39744E89FDF1E5524 /* Pods-Final.debug.xcconfig */ = {isa = PBXFileReference; includeInIndex = 1; lastKnownFileType = text.xcconfig; name = "Pods-Final.debug.xcconfig"; path = "Pods/Target Support Files/Pods-Final/Pods-Final.debug.xcconfig"; sourceTree = "<group>"; };
/* End PBXFileReference section */

/* Begin PBXFrameworksBuildPhase section */
		89193761201CCE9500CDEFA9 /* Frameworks */ = {
			isa = PBXFrameworksBuildPhase;
			buildActionMask = 2147483647;
			files = (
				AE183D0BF986871ED101ACC6 /* Pods_Final.framework in Frameworks */,
			);
			runOnlyForDeploymentPostprocessing = 0;
		};
/* End PBXFrameworksBuildPhase section */

/* Begin PBXGroup section */
		1C0998B1FB25AA02937AFF00 /* Frameworks */ = {
			isa = PBXGroup;
			children = (
				99EAB9DA769E34BAC66DC37F /* Pods_Final.framework */,
			);
			name = Frameworks;
			sourceTree = "<group>";
		};
		4F99E5C14092BCDFED3851FD /* Pods */ = {
			isa = PBXGroup;
			children = (
				BDA863E39744E89FDF1E5524 /* Pods-Final.debug.xcconfig */,
				1C74D68CBBD0C42D70A1620F /* Pods-Final.release.xcconfig */,
			);
			name = Pods;
			sourceTree = "<group>";
		};
		8919375B201CCE9500CDEFA9 = {
			isa = PBXGroup;
			children = (
				89193766201CCE9500CDEFA9 /* Final */,
				89193765201CCE9500CDEFA9 /* Products */,
				4F99E5C14092BCDFED3851FD /* Pods */,
				1C0998B1FB25AA02937AFF00 /* Frameworks */,
			);
			sourceTree = "<group>";
		};
		89193765201CCE9500CDEFA9 /* Products */ = {
			isa = PBXGroup;
			children = (
				89193764201CCE9500CDEFA9 /* Final.app */,
			);
			name = Products;
			sourceTree = "<group>";
		};
		89193766201CCE9500CDEFA9 /* Final */ = {
			isa = PBXGroup;
			children = (
				89193767201CCE9500CDEFA9 /* AppDelegate.swift */,
				89193769201CCE9500CDEFA9 /* ViewController.swift */,
				899A246F201CF8E600C27811 /* FirstViewController.swift */,
				899A2471201D053000C27811 /* TouchIDViewController.swift */,
				899A2473201D0F0D00C27811 /* CameraViewController.swift */,
				898F6A10201F6E0B00EBBDC1 /* FacebookLoginViewController.swift */,
				8919376B201CCE9500CDEFA9 /* Main.storyboard */,
				8919376E201CCE9500CDEFA9 /* Assets.xcassets */,
				89193770201CCE9500CDEFA9 /* LaunchScreen.storyboard */,
				89193773201CCE9500CDEFA9 /* Info.plist */,
			);
			path = Final;
			sourceTree = "<group>";
		};
/* End PBXGroup section */

/* Begin PBXNativeTarget section */
		89193763201CCE9500CDEFA9 /* Final */ = {
			isa = PBXNativeTarget;
			buildConfigurationList = 89193776201CCE9500CDEFA9 /* Build configuration list for PBXNativeTarget "Final" */;
			buildPhases = (
				3BF057638845BBD8FC2D7B24 /* [CP] Check Pods Manifest.lock */,
				89193760201CCE9500CDEFA9 /* Sources */,
				89193761201CCE9500CDEFA9 /* Frameworks */,
				89193762201CCE9500CDEFA9 /* Resources */,
				A40CEC8A0A9695800A8A352C /* [CP] Embed Pods Frameworks */,
				43470A96DED19ABB3C5A9B8F /* [CP] Copy Pods Resources */,
			);
			buildRules = (
			);
			dependencies = (
			);
			name = Final;
			productName = Final;
			productReference = 89193764201CCE9500CDEFA9 /* Final.app */;
			productType = "com.apple.product-type.application";
		};
/* End PBXNativeTarget section */

/* Begin PBXProject section */
		8919375C201CCE9500CDEFA9 /* Project object */ = {
			isa = PBXProject;
			attributes = {
				LastSwiftUpdateCheck = 0830;
				LastUpgradeCheck = 0830;
				ORGANIZATIONNAME = "Luis Conde";
				TargetAttributes = {
					89193763201CCE9500CDEFA9 = {
						CreatedOnToolsVersion = 8.3.2;
						DevelopmentTeam = U9U793MX49;
						ProvisioningStyle = Automatic;
					};
				};
			};
			buildConfigurationList = 8919375F201CCE9500CDEFA9 /* Build configuration list for PBXProject "Final" */;
			compatibilityVersion = "Xcode 3.2";
			developmentRegion = English;
			hasScannedForEncodings = 0;
			knownRegions = (
				en,
				Base,
			);
			mainGroup = 8919375B201CCE9500CDEFA9;
			productRefGroup = 89193765201CCE9500CDEFA9 /* Products */;
			projectDirPath = "";
			projectRoot = "";
			targets = (
				89193763201CCE9500CDEFA9 /* Final */,
			);
		};
/* End PBXProject section */

/* Begin PBXResourcesBuildPhase section */
		89193762201CCE9500CDEFA9 /* Resources */ = {
			isa = PBXResourcesBuildPhase;
			buildActionMask = 2147483647;
			files = (
				89193772201CCE9500CDEFA9 /* LaunchScreen.storyboard in Resources */,
				8919376F201CCE9500CDEFA9 /* Assets.xcassets in Resources */,
				8919376D201CCE9500CDEFA9 /* Main.storyboard in Resources */,
			);
			runOnlyForDeploymentPostprocessing = 0;
		};
/* End PBXResourcesBuildPhase section */

/* Begin PBXShellScriptBuildPhase section */
		3BF057638845BBD8FC2D7B24 /* [CP] Check Pods Manifest.lock */ = {
			isa = PBXShellScriptBuildPhase;
			buildActionMask = 2147483647;
			files = (
			);
			inputPaths = (
			);
			name = "[CP] Check Pods Manifest.lock";
			outputPaths = (
			);
			runOnlyForDeploymentPostprocessing = 0;
			shellPath = /bin/sh;
			shellScript = "diff \"${PODS_ROOT}/../Podfile.lock\" \"${PODS_ROOT}/Manifest.lock\" > /dev/null\nif [ $? != 0 ] ; then\n    # print error to STDERR\n    echo \"error: The sandbox is not in sync with the Podfile.lock. Run 'pod install' or update your CocoaPods installation.\" >&2\n    exit 1\nfi\n";
			showEnvVarsInLog = 0;
		};
		43470A96DED19ABB3C5A9B8F /* [CP] Copy Pods Resources */ = {
			isa = PBXShellScriptBuildPhase;
			buildActionMask = 2147483647;
			files = (
			);
			inputPaths = (
			);
			name = "[CP] Copy Pods Resources";
			outputPaths = (
			);
			runOnlyForDeploymentPostprocessing = 0;
			shellPath = /bin/sh;
			shellScript = "\"${SRCROOT}/Pods/Target Support Files/Pods-Final/Pods-Final-resources.sh\"\n";
			showEnvVarsInLog = 0;
		};
		A40CEC8A0A9695800A8A352C /* [CP] Embed Pods Frameworks */ = {
			isa = PBXShellScriptBuildPhase;
			buildActionMask = 2147483647;
			files = (
			);
			inputPaths = (
			);
			name = "[CP] Embed Pods Frameworks";
			outputPaths = (
			);
			runOnlyForDeploymentPostprocessing = 0;
			shellPath = /bin/sh;
			shellScript = "\"${SRCROOT}/Pods/Target Support Files/Pods-Final/Pods-Final-frameworks.sh\"\n";
			showEnvVarsInLog = 0;
		};
/* End PBXShellScriptBuildPhase section */

/* Begin PBXSourcesBuildPhase section */
		89193760201CCE9500CDEFA9 /* Sources */ = {
			isa = PBXSourcesBuildPhase;
			buildActionMask = 2147483647;
			files = (
				899A2470201CF8E600C27811 /* FirstViewController.swift in Sources */,
				899A2474201D0F0D00C27811 /* CameraViewController.swift in Sources */,
				898F6A11201F6E0B00EBBDC1 /* FacebookLoginViewController.swift in Sources */,
				899A2472201D053000C27811 /* TouchIDViewController.swift in Sources */,
				8919376A201CCE9500CDEFA9 /* ViewController.swift in Sources */,
				89193768201CCE9500CDEFA9 /* AppDelegate.swift in Sources */,
			);
			runOnlyForDeploymentPostprocessing = 0;
		};
/* End PBXSourcesBuildPhase section */

/* Begin PBXVariantGroup section */
		8919376B201CCE9500CDEFA9 /* Main.storyboard */ = {
			isa = PBXVariantGroup;
			children = (
				8919376C201CCE9500CDEFA9 /* Base */,
				89ED0DFF201D8F02008D831A /* es-MX */,
			);
			name = Main.storyboard;
			sourceTree = "<group>";
		};
		89193770201CCE9500CDEFA9 /* LaunchScreen.storyboard */ = {
			isa = PBXVariantGroup;
			children = (
				89193771201CCE9500CDEFA9 /* Base */,
				89ED0E00201D8F03008D831A /* es-MX */,
			);
			name = LaunchScreen.storyboard;
			sourceTree = "<group>";
		};
/* End PBXVariantGroup section */

/* Begin XCBuildConfiguration section */
		89193774201CCE9500CDEFA9 /* Debug */ = {
			isa = XCBuildConfiguration;
			buildSettings = {
				ALWAYS_SEARCH_USER_PATHS = NO;
				CLANG_ANALYZER_LOCALIZABILITY_NONLOCALIZED = YES;
				CLANG_ANALYZER_NONNULL = YES;
				CLANG_ANALYZER_NUMBER_OBJECT_CONVERSION = YES_AGGRESSIVE;
				CLANG_CXX_LANGUAGE_STANDARD = "gnu++0x";
				CLANG_CXX_LIBRARY = "libc++";
				CLANG_ENABLE_MODULES = YES;
				CLANG_ENABLE_OBJC_ARC = YES;
				CLANG_WARN_BOOL_CONVERSION = YES;
				CLANG_WARN_CONSTANT_CONVERSION = YES;
				CLANG_WARN_DIRECT_OBJC_ISA_USAGE = YES_ERROR;
				CLANG_WARN_DOCUMENTATION_COMMENTS = YES;
				CLANG_WARN_EMPTY_BODY = YES;
				CLANG_WARN_ENUM_CONVERSION = YES;
				CLANG_WARN_INFINITE_RECURSION = YES;
				CLANG_WARN_INT_CONVERSION = YES;
				CLANG_WARN_OBJC_ROOT_CLASS = YES_ERROR;
				CLANG_WARN_SUSPICIOUS_MOVE = YES;
				CLANG_WARN_UNREACHABLE_CODE = YES;
				CLANG_WARN__DUPLICATE_METHOD_MATCH = YES;
				"CODE_SIGN_IDENTITY[sdk=iphoneos*]" = "iPhone Developer";
				COPY_PHASE_STRIP = NO;
				DEBUG_INFORMATION_FORMAT = dwarf;
				ENABLE_STRICT_OBJC_MSGSEND = YES;
				ENABLE_TESTABILITY = YES;
				GCC_C_LANGUAGE_STANDARD = gnu99;
				GCC_DYNAMIC_NO_PIC = NO;
				GCC_NO_COMMON_BLOCKS = YES;
				GCC_OPTIMIZATION_LEVEL = 0;
				GCC_PREPROCESSOR_DEFINITIONS = (
					"DEBUG=1",
					"$(inherited)",
				);
				GCC_WARN_64_TO_32_BIT_CONVERSION = YES;
				GCC_WARN_ABOUT_RETURN_TYPE = YES_ERROR;
				GCC_WARN_UNDECLARED_SELECTOR = YES;
				GCC_WARN_UNINITIALIZED_AUTOS = YES_AGGRESSIVE;
				GCC_WARN_UNUSED_FUNCTION = YES;
				GCC_WARN_UNUSED_VARIABLE = YES;
				IPHONEOS_DEPLOYMENT_TARGET = 10.3;
				MTL_ENABLE_DEBUG_INFO = YES;
				ONLY_ACTIVE_ARCH = YES;
				SDKROOT = iphoneos;
				SWIFT_ACTIVE_COMPILATION_CONDITIONS = DEBUG;
				SWIFT_OPTIMIZATION_LEVEL = "-Onone";
				TARGETED_DEVICE_FAMILY = "1,2";
			};
			name = Debug;
		};
		89193775201CCE9500CDEFA9 /* Release */ = {
			isa = XCBuildConfiguration;
			buildSettings = {
				ALWAYS_SEARCH_USER_PATHS = NO;
				CLANG_ANALYZER_LOCALIZABILITY_NONLOCALIZED = YES;
				CLANG_ANALYZER_NONNULL = YES;
				CLANG_ANALYZER_NUMBER_OBJECT_CONVERSION = YES_AGGRESSIVE;
				CLANG_CXX_LANGUAGE_STANDARD = "gnu++0x";
				CLANG_CXX_LIBRARY = "libc++";
				CLANG_ENABLE_MODULES = YES;
				CLANG_ENABLE_OBJC_ARC = YES;
				CLANG_WARN_BOOL_CONVERSION = YES;
				CLANG_WARN_CONSTANT_CONVERSION = YES;
				CLANG_WARN_DIRECT_OBJC_ISA_USAGE = YES_ERROR;
				CLANG_WARN_DOCUMENTATION_COMMENTS = YES;
				CLANG_WARN_EMPTY_BODY = YES;
				CLANG_WARN_ENUM_CONVERSION = YES;
				CLANG_WARN_INFINITE_RECURSION = YES;
				CLANG_WARN_INT_CONVERSION = YES;
				CLANG_WARN_OBJC_ROOT_CLASS = YES_ERROR;
				CLANG_WARN_SUSPICIOUS_MOVE = YES;
				CLANG_WARN_UNREACHABLE_CODE = YES;
				CLANG_WARN__DUPLICATE_METHOD_MATCH = YES;
				"CODE_SIGN_IDENTITY[sdk=iphoneos*]" = "iPhone Developer";
				COPY_PHASE_STRIP = NO;
				DEBUG_INFORMATION_FORMAT = "dwarf-with-dsym";
				ENABLE_NS_ASSERTIONS = NO;
				ENABLE_STRICT_OBJC_MSGSEND = YES;
				GCC_C_LANGUAGE_STANDARD = gnu99;
				GCC_NO_COMMON_BLOCKS = YES;
				GCC_WARN_64_TO_32_BIT_CONVERSION = YES;
				GCC_WARN_ABOUT_RETURN_TYPE = YES_ERROR;
				GCC_WARN_UNDECLARED_SELECTOR = YES;
				GCC_WARN_UNINITIALIZED_AUTOS = YES_AGGRESSIVE;
				GCC_WARN_UNUSED_FUNCTION = YES;
				GCC_WARN_UNUSED_VARIABLE = YES;
				IPHONEOS_DEPLOYMENT_TARGET = 10.3;
				MTL_ENABLE_DEBUG_INFO = NO;
				SDKROOT = iphoneos;
				SWIFT_OPTIMIZATION_LEVEL = "-Owholemodule";
				TARGETED_DEVICE_FAMILY = "1,2";
				VALIDATE_PRODUCT = YES;
			};
			name = Release;
		};
		89193777201CCE9500CDEFA9 /* Debug */ = {
			isa = XCBuildConfiguration;
			baseConfigurationReference = BDA863E39744E89FDF1E5524 /* Pods-Final.debug.xcconfig */;
			buildSettings = {
				ASSETCATALOG_COMPILER_APPICON_NAME = AppIcon;
				DEVELOPMENT_TEAM = U9U793MX49;
				INFOPLIST_FILE = Final/Info.plist;
				LD_RUNPATH_SEARCH_PATHS = "$(inherited) @executable_path/Frameworks";
				PRODUCT_BUNDLE_IDENTIFIER = com.lcondeer.Final1;
				PRODUCT_NAME = "$(TARGET_NAME)";
				SWIFT_VERSION = 3.0;
			};
			name = Debug;
		};
		89193778201CCE9500CDEFA9 /* Release */ = {
			isa = XCBuildConfiguration;
			baseConfigurationReference = 1C74D68CBBD0C42D70A1620F /* Pods-Final.release.xcconfig */;
			buildSettings = {
				ASSETCATALOG_COMPILER_APPICON_NAME = AppIcon;
				DEVELOPMENT_TEAM = U9U793MX49;
				INFOPLIST_FILE = Final/Info.plist;
				LD_RUNPATH_SEARCH_PATHS = "$(inherited) @executable_path/Frameworks";
				PRODUCT_BUNDLE_IDENTIFIER = com.lcondeer.Final1;
				PRODUCT_NAME = "$(TARGET_NAME)";
				SWIFT_VERSION = 3.0;
			};
			name = Release;
		};
/* End XCBuildConfiguration section */

/* Begin XCConfigurationList section */
		8919375F201CCE9500CDEFA9 /* Build configuration list for PBXProject "Final" */ = {
			isa = XCConfigurationList;
			buildConfigurations = (
				89193774201CCE9500CDEFA9 /* Debug */,
				89193775201CCE9500CDEFA9 /* Release */,
			);
			defaultConfigurationIsVisible = 0;
			defaultConfigurationName = Release;
		};
		89193776201CCE9500CDEFA9 /* Build configuration list for PBXNativeTarget "Final" */ = {
			isa = XCConfigurationList;
			buildConfigurations = (
				89193777201CCE9500CDEFA9 /* Debug */,
				89193778201CCE9500CDEFA9 /* Release */,
			);
			defaultConfigurationIsVisible = 0;
			defaultConfigurationName = Release;
		};
/* End XCConfigurationList section */
	};
	rootObject = 8919375C201CCE9500CDEFA9 /* Project object */;
}
